
Microsoft Visual Studio Solution File, Format Version 12.00
# Visual Studio Version 16
VisualStudioVersion = 16.0.29609.76
MinimumVisualStudioVersion = 10.0.40219.1
Project("{FAE04EC0-301F-11D3-BF4B-00C04F79EFBC}") = "ReliabilityAssessmentApp", "ReliabilityAssessmentApp\ReliabilityAssessmentApp.csproj", "{A72F6B17-3592-442C-AE99-5F18908170E0}"
EndProject
Project("{FAE04EC0-301F-11D3-BF4B-00C04F79EFBC}") = "ReliabilityAssessmentLibrary", "ReliabilityAssessmentLibrary\ReliabilityAssessmentLibrary.csproj", "{60A69798-F0C1-4460-A708-EE83422A6142}"
EndProject
Global
	GlobalSection(SolutionConfigurationPlatforms) = preSolution
		Debug|Any CPU = Debug|Any CPU
		Release|Any CPU = Release|Any CPU
	EndGlobalSection
	GlobalSection(ProjectConfigurationPlatforms) = postSolution
		{A72F6B17-3592-442C-AE99-5F18908170E0}.Debug|Any CPU.ActiveCfg = Debug|Any CPU
		{A72F6B17-3592-442C-AE99-5F18908170E0}.Debug|Any CPU.Build.0 = Debug|Any CPU
		{A72F6B17-3592-442C-AE99-5F18908170E0}.Release|Any CPU.ActiveCfg = Release|Any CPU
		{A72F6B17-3592-442C-AE99-5F18908170E0}.Release|Any CPU.Build.0 = Release|Any CPU
		{60A69798-F0C1-4460-A708-EE83422A6142}.Debug|Any CPU.ActiveCfg = Debug|Any CPU
		{60A69798-F0C1-4460-A708-EE83422A6142}.Debug|Any CPU.Build.0 = Debug|Any CPU
		{60A69798-F0C1-4460-A708-EE83422A6142}.Release|Any CPU.ActiveCfg = Release|Any CPU
		{60A69798-F0C1-4460-A708-EE83422A6142}.Release|Any CPU.Build.0 = Release|Any CPU
	EndGlobalSection
	GlobalSection(SolutionProperties) = preSolution
		HideSolutionNode = FALSE
	EndGlobalSection
	GlobalSection(ExtensibilityGlobals) = postSolution
		SolutionGuid = {E6C9971C-5752-42CD-9ED2-48B3DAF571A3}
	EndGlobalSection
EndGlobal
